
Microsoft Visual Studio Solution File, Format Version 12.00
# Visual Studio Version 17
VisualStudioVersion = 17.10.35027.167
MinimumVisualStudioVersion = 10.0.40219.1
Project("{9A19103F-16F7-4668-BE54-9A1E7A4F7556}") = "OnlineGroceryApp", "OnlineGroceryApp\OnlineGroceryApp.csproj", "{01A3F9F0-1BA9-4BA0-BF11-6120E09E71EB}"
EndProject
Project("{9A19103F-16F7-4668-BE54-9A1E7A4F7556}") = "GroceryAppTest", "GroceryAppTest\GroceryAppTest.csproj", "{F0FD30A5-082F-4289-8D64-32DF4F571D9F}"
EndProject
Project("{FAE04EC0-301F-11D3-BF4B-00C04F79EFBC}") = "OnlineGroceryAppWebAPI", "OnlineGroceryAppWebAPI\OnlineGroceryAppWebAPI.csproj", "{ACC44E05-833A-4D92-9019-EF8847F53F85}"
EndProject
Global
	GlobalSection(SolutionConfigurationPlatforms) = preSolution
		Debug|Any CPU = Debug|Any CPU
		Release|Any CPU = Release|Any CPU
	EndGlobalSection
	GlobalSection(ProjectConfigurationPlatforms) = postSolution
		{01A3F9F0-1BA9-4BA0-BF11-6120E09E71EB}.Debug|Any CPU.ActiveCfg = Debug|Any CPU
		{01A3F9F0-1BA9-4BA0-BF11-6120E09E71EB}.Debug|Any CPU.Build.0 = Debug|Any CPU
		{01A3F9F0-1BA9-4BA0-BF11-6120E09E71EB}.Release|Any CPU.ActiveCfg = Release|Any CPU
		{01A3F9F0-1BA9-4BA0-BF11-6120E09E71EB}.Release|Any CPU.Build.0 = Release|Any CPU
		{F0FD30A5-082F-4289-8D64-32DF4F571D9F}.Debug|Any CPU.ActiveCfg = Debug|Any CPU
		{F0FD30A5-082F-4289-8D64-32DF4F571D9F}.Debug|Any CPU.Build.0 = Debug|Any CPU
		{F0FD30A5-082F-4289-8D64-32DF4F571D9F}.Release|Any CPU.ActiveCfg = Release|Any CPU
		{F0FD30A5-082F-4289-8D64-32DF4F571D9F}.Release|Any CPU.Build.0 = Release|Any CPU
		{ACC44E05-833A-4D92-9019-EF8847F53F85}.Debug|Any CPU.ActiveCfg = Debug|Any CPU
		{ACC44E05-833A-4D92-9019-EF8847F53F85}.Debug|Any CPU.Build.0 = Debug|Any CPU
		{ACC44E05-833A-4D92-9019-EF8847F53F85}.Release|Any CPU.ActiveCfg = Release|Any CPU
		{ACC44E05-833A-4D92-9019-EF8847F53F85}.Release|Any CPU.Build.0 = Release|Any CPU
	EndGlobalSection
	GlobalSection(SolutionProperties) = preSolution
		HideSolutionNode = FALSE
	EndGlobalSection
	GlobalSection(ExtensibilityGlobals) = postSolution
		SolutionGuid = {BC2CFFEA-F5DB-4A63-B061-5AC26397486B}
	EndGlobalSection
EndGlobal
